
Microsoft Visual Studio Solution File, Format Version 12.00
# Visual Studio 15
VisualStudioVersion = 15.0.28010.2026
MinimumVisualStudioVersion = 10.0.40219.1
Project("{FAE04EC0-301F-11D3-BF4B-00C04F79EFBC}") = "RVectors", "RVectors\RVectors.csproj", "{D2994F9C-B826-43DC-B41E-C5A8307998CE}"
EndProject
Global
	GlobalSection(SolutionConfigurationPlatforms) = preSolution
		Debug|Any CPU = Debug|Any CPU
		Release|Any CPU = Release|Any CPU
	EndGlobalSection
	GlobalSection(ProjectConfigurationPlatforms) = postSolution
		{D2994F9C-B826-43DC-B41E-C5A8307998CE}.Debug|Any CPU.ActiveCfg = Debug|Any CPU
		{D2994F9C-B826-43DC-B41E-C5A8307998CE}.Debug|Any CPU.Build.0 = Debug|Any CPU
		{D2994F9C-B826-43DC-B41E-C5A8307998CE}.Release|Any CPU.ActiveCfg = Release|Any CPU
		{D2994F9C-B826-43DC-B41E-C5A8307998CE}.Release|Any CPU.Build.0 = Release|Any CPU
	EndGlobalSection
	GlobalSection(SolutionProperties) = preSolution
		HideSolutionNode = FALSE
	EndGlobalSection
	GlobalSection(ExtensibilityGlobals) = postSolution
		SolutionGuid = {3AD766D2-14DC-4BF8-B491-6CAD78EB4021}
	EndGlobalSection
EndGlobal
